
Microsoft Visual Studio Solution File, Format Version 12.00
# Visual Studio Version 16
VisualStudioVersion = 16.0.30517.126
MinimumVisualStudioVersion = 10.0.40219.1
Project("{9A19103F-16F7-4668-BE54-9A1E7A4F7556}") = "Prb.Lussen.RaadPogingen.Wpf", "Prb.Lussen.RaadPogingen.Wpf\Prb.Lussen.RaadPogingen.Wpf.csproj", "{E16EDDA7-D4E3-4656-A1B8-061BA0A05CA1}"
EndProject
Global
	GlobalSection(SolutionConfigurationPlatforms) = preSolution
		Debug|Any CPU = Debug|Any CPU
		Release|Any CPU = Release|Any CPU
	EndGlobalSection
	GlobalSection(ProjectConfigurationPlatforms) = postSolution
		{E16EDDA7-D4E3-4656-A1B8-061BA0A05CA1}.Debug|Any CPU.ActiveCfg = Debug|Any CPU
		{E16EDDA7-D4E3-4656-A1B8-061BA0A05CA1}.Debug|Any CPU.Build.0 = Debug|Any CPU
		{E16EDDA7-D4E3-4656-A1B8-061BA0A05CA1}.Release|Any CPU.ActiveCfg = Release|Any CPU
		{E16EDDA7-D4E3-4656-A1B8-061BA0A05CA1}.Release|Any CPU.Build.0 = Release|Any CPU
	EndGlobalSection
	GlobalSection(SolutionProperties) = preSolution
		HideSolutionNode = FALSE
	EndGlobalSection
	GlobalSection(ExtensibilityGlobals) = postSolution
		SolutionGuid = {91FBAFF2-1D59-41C9-AAB1-D022695F4ECF}
	EndGlobalSection
EndGlobal
